
Microsoft Visual Studio Solution File, Format Version 12.00
# Visual Studio 15
VisualStudioVersion = 15.0.28307.168
MinimumVisualStudioVersion = 10.0.40219.1
Project("{FAE04EC0-301F-11D3-BF4B-00C04F79EFBC}") = "TestingProject", "TestingProject\TestingProject.csproj", "{9BF7CF46-3D55-4825-B061-8F35143A80E5}"
EndProject
Project("{FAE04EC0-301F-11D3-BF4B-00C04F79EFBC}") = "TestingProject.Tests", "TestingProject.Tests\TestingProject.Tests.csproj", "{DCAE5C3D-528F-44AA-B831-A6D0656CF47E}"
EndProject
Global
	GlobalSection(SolutionConfigurationPlatforms) = preSolution
		Debug|Any CPU = Debug|Any CPU
		Release|Any CPU = Release|Any CPU
	EndGlobalSection
	GlobalSection(ProjectConfigurationPlatforms) = postSolution
		{9BF7CF46-3D55-4825-B061-8F35143A80E5}.Debug|Any CPU.ActiveCfg = Debug|Any CPU
		{9BF7CF46-3D55-4825-B061-8F35143A80E5}.Debug|Any CPU.Build.0 = Debug|Any CPU
		{9BF7CF46-3D55-4825-B061-8F35143A80E5}.Release|Any CPU.ActiveCfg = Release|Any CPU
		{9BF7CF46-3D55-4825-B061-8F35143A80E5}.Release|Any CPU.Build.0 = Release|Any CPU
		{DCAE5C3D-528F-44AA-B831-A6D0656CF47E}.Debug|Any CPU.ActiveCfg = Debug|Any CPU
		{DCAE5C3D-528F-44AA-B831-A6D0656CF47E}.Debug|Any CPU.Build.0 = Debug|Any CPU
		{DCAE5C3D-528F-44AA-B831-A6D0656CF47E}.Release|Any CPU.ActiveCfg = Release|Any CPU
		{DCAE5C3D-528F-44AA-B831-A6D0656CF47E}.Release|Any CPU.Build.0 = Release|Any CPU
	EndGlobalSection
	GlobalSection(SolutionProperties) = preSolution
		HideSolutionNode = FALSE
	EndGlobalSection
	GlobalSection(ExtensibilityGlobals) = postSolution
		SolutionGuid = {63290D00-73B4-41B4-990E-DCA113B80126}
	EndGlobalSection
EndGlobal
